// !$*UTF8*$!
{
	archiveVersion = 1;
	classes = {
	};
	objectVersion = 48;
	objects = {

/* Begin PBXBuildFile section */
		0126E55D1F95204700F64EBB /* ResetEnums.swift in Sources */ = {isa = PBXBuildFile; fileRef = 0126E55C1F95204700F64EBB /* ResetEnums.swift */; };
		0140ABF31F97CB0800A93EC5 /* DidactGothic-Regular.ttf in Resources */ = {isa = PBXBuildFile; fileRef = 0140ABF21F97CB0800A93EC5 /* DidactGothic-Regular.ttf */; };
		01AA355C1F91C1F600F23B37 /* SettingsViewController.swift in Sources */ = {isa = PBXBuildFile; fileRef = 01AA355B1F91C1F600F23B37 /* SettingsViewController.swift */; };
		1C958C5BDD903A8BFF9E2E5D /* Pods_Sanity.framework in Frameworks */ = {isa = PBXBuildFile; fileRef = C772DE7D2F5C4DC837699DC2 /* Pods_Sanity.framework */; };
		740B9E0F1F92E7F100388C9A /* BudgetInfo.storyboard in Resources */ = {isa = PBXBuildFile; fileRef = 740B9E0E1F92E7F100388C9A /* BudgetInfo.storyboard */; };
		7423EE851F9453DB0095722E /* budgetInfo.storyboard in Resources */ = {isa = PBXBuildFile; fileRef = 7423EE841F9453D40095722E /* budgetInfo.storyboard */; };
		747AB9F21F955A2E004E3C7D /* CategoryBudgetCell.swift in Sources */ = {isa = PBXBuildFile; fileRef = 747AB9F11F955A2E004E3C7D /* CategoryBudgetCell.swift */; };
		747E37B91F97E8F900B5ABF8 /* EditBudgetViewController.swift in Sources */ = {isa = PBXBuildFile; fileRef = 747E37B81F97E8F900B5ABF8 /* EditBudgetViewController.swift */; };
		A0033F291F93D67100BB728F /* BudgetDetailViewController.swift in Sources */ = {isa = PBXBuildFile; fileRef = A0033F281F93D67100BB728F /* BudgetDetailViewController.swift */; };
		A0033F2B1F94204900BB728F /* AddTransactionCell.swift in Sources */ = {isa = PBXBuildFile; fileRef = A0033F2A1F94204900BB728F /* AddTransactionCell.swift */; };
		A037A9D01F81BE2E00D2FA55 /* AppDelegate.swift in Sources */ = {isa = PBXBuildFile; fileRef = A037A9CF1F81BE2E00D2FA55 /* AppDelegate.swift */; };
		A037A9D51F81BE2E00D2FA55 /* Main.storyboard in Resources */ = {isa = PBXBuildFile; fileRef = A037A9D31F81BE2E00D2FA55 /* Main.storyboard */; };
		A037A9D71F81BE2E00D2FA55 /* Assets.xcassets in Resources */ = {isa = PBXBuildFile; fileRef = A037A9D61F81BE2E00D2FA55 /* Assets.xcassets */; };
		A037A9DA1F81BE2E00D2FA55 /* LaunchScreen.storyboard in Resources */ = {isa = PBXBuildFile; fileRef = A037A9D81F81BE2E00D2FA55 /* LaunchScreen.storyboard */; };
		A056C4E41F9185410071E242 /* Transaction.swift in Sources */ = {isa = PBXBuildFile; fileRef = A056C4E31F9185410071E242 /* Transaction.swift */; };
		A056C4E61F91854F0071E242 /* Category.swift in Sources */ = {isa = PBXBuildFile; fileRef = A056C4E51F91854F0071E242 /* Category.swift */; };
		A0688C711F89A01500E4EA14 /* BudgetOverviewCell.swift in Sources */ = {isa = PBXBuildFile; fileRef = A0688C701F89A01500E4EA14 /* BudgetOverviewCell.swift */; };
		A0765C601F8A02B2002C603E /* DashboardViewController.swift in Sources */ = {isa = PBXBuildFile; fileRef = A0765C5F1F8A02B2002C603E /* DashboardViewController.swift */; };
		A0851DDD1F8C657B003357F7 /* FirestoreSerializable.swift in Sources */ = {isa = PBXBuildFile; fileRef = A0851DDC1F8C657B003357F7 /* FirestoreSerializable.swift */; };
		A087801A1F8B045800F6AB15 /* Budget.swift in Sources */ = {isa = PBXBuildFile; fileRef = A08780191F8B045800F6AB15 /* Budget.swift */; };
		D043DE221F8753D900E9A870 /* AuthViewController.swift in Sources */ = {isa = PBXBuildFile; fileRef = D043DE211F8753D900E9A870 /* AuthViewController.swift */; };
		D043DE241F8764ED00E9A870 /* GoogleService-Info.plist in Resources */ = {isa = PBXBuildFile; fileRef = D043DE231F8764ED00E9A870 /* GoogleService-Info.plist */; };
		D0EA5BAC1F8B1B2A00D5F99E /* AddBudgetViewController.swift in Sources */ = {isa = PBXBuildFile; fileRef = D0EA5BAB1F8B1B2A00D5F99E /* AddBudgetViewController.swift */; };
		D0EA5BB01F8B24A200D5F99E /* AddTransactionViewController.swift in Sources */ = {isa = PBXBuildFile; fileRef = D0EA5BAF1F8B24A200D5F99E /* AddTransactionViewController.swift */; };
		D0EA5BB41F8C372500D5F99E /* CategoryCell.swift in Sources */ = {isa = PBXBuildFile; fileRef = D0EA5BB31F8C372500D5F99E /* CategoryCell.swift */; };
/* End PBXBuildFile section */

/* Begin PBXFileReference section */
		0126E55C1F95204700F64EBB /* ResetEnums.swift */ = {isa = PBXFileReference; lastKnownFileType = sourcecode.swift; path = ResetEnums.swift; sourceTree = "<group>"; };
		0140ABF21F97CB0800A93EC5 /* DidactGothic-Regular.ttf */ = {isa = PBXFileReference; lastKnownFileType = file; name = "DidactGothic-Regular.ttf"; path = "../../../../Desktop/DidactGothic-Regular.ttf"; sourceTree = "<group>"; };
		01AA355B1F91C1F600F23B37 /* SettingsViewController.swift */ = {isa = PBXFileReference; lastKnownFileType = sourcecode.swift; path = SettingsViewController.swift; sourceTree = "<group>"; };
		083E82D98C88E70BD3D26AAE /* Pods-Sanity.release.xcconfig */ = {isa = PBXFileReference; includeInIndex = 1; lastKnownFileType = text.xcconfig; name = "Pods-Sanity.release.xcconfig"; path = "Pods/Target Support Files/Pods-Sanity/Pods-Sanity.release.xcconfig"; sourceTree = "<group>"; };
		740B9E0E1F92E7F100388C9A /* BudgetInfo.storyboard */ = {isa = PBXFileReference; lastKnownFileType = file.storyboard; path = BudgetInfo.storyboard; sourceTree = "<group>"; };
		7423EE841F9453D40095722E /* budgetInfo.storyboard */ = {isa = PBXFileReference; lastKnownFileType = file.storyboard; name = budgetInfo.storyboard; path = Base.lproj/budgetInfo.storyboard; sourceTree = "<group>"; };
		747AB9F11F955A2E004E3C7D /* CategoryBudgetCell.swift */ = {isa = PBXFileReference; lastKnownFileType = sourcecode.swift; path = CategoryBudgetCell.swift; sourceTree = "<group>"; };
		747E37B81F97E8F900B5ABF8 /* EditBudgetViewController.swift */ = {isa = PBXFileReference; lastKnownFileType = sourcecode.swift; path = EditBudgetViewController.swift; sourceTree = "<group>"; };
		A0033F281F93D67100BB728F /* BudgetDetailViewController.swift */ = {isa = PBXFileReference; lastKnownFileType = sourcecode.swift; path = BudgetDetailViewController.swift; sourceTree = "<group>"; };
		A0033F2A1F94204900BB728F /* AddTransactionCell.swift */ = {isa = PBXFileReference; lastKnownFileType = sourcecode.swift; path = AddTransactionCell.swift; sourceTree = "<group>"; };
		A037A9CC1F81BE2E00D2FA55 /* Sanity.app */ = {isa = PBXFileReference; explicitFileType = wrapper.application; includeInIndex = 0; path = Sanity.app; sourceTree = BUILT_PRODUCTS_DIR; };
		A037A9CF1F81BE2E00D2FA55 /* AppDelegate.swift */ = {isa = PBXFileReference; lastKnownFileType = sourcecode.swift; path = AppDelegate.swift; sourceTree = "<group>"; };
		A037A9D41F81BE2E00D2FA55 /* Base */ = {isa = PBXFileReference; lastKnownFileType = file.storyboard; name = Base; path = Base.lproj/Main.storyboard; sourceTree = "<group>"; };
		A037A9D61F81BE2E00D2FA55 /* Assets.xcassets */ = {isa = PBXFileReference; lastKnownFileType = folder.assetcatalog; path = Assets.xcassets; sourceTree = "<group>"; };
		A037A9D91F81BE2E00D2FA55 /* Base */ = {isa = PBXFileReference; lastKnownFileType = file.storyboard; name = Base; path = Base.lproj/LaunchScreen.storyboard; sourceTree = "<group>"; };
		A037A9DB1F81BE2E00D2FA55 /* Info.plist */ = {isa = PBXFileReference; lastKnownFileType = text.plist.xml; path = Info.plist; sourceTree = "<group>"; };
		A056C4E31F9185410071E242 /* Transaction.swift */ = {isa = PBXFileReference; lastKnownFileType = sourcecode.swift; path = Transaction.swift; sourceTree = "<group>"; };
		A056C4E51F91854F0071E242 /* Category.swift */ = {isa = PBXFileReference; lastKnownFileType = sourcecode.swift; path = Category.swift; sourceTree = "<group>"; };
		A0688C701F89A01500E4EA14 /* BudgetOverviewCell.swift */ = {isa = PBXFileReference; lastKnownFileType = sourcecode.swift; path = BudgetOverviewCell.swift; sourceTree = "<group>"; };
		A0765C5F1F8A02B2002C603E /* DashboardViewController.swift */ = {isa = PBXFileReference; lastKnownFileType = sourcecode.swift; path = DashboardViewController.swift; sourceTree = "<group>"; };
		A0851DDC1F8C657B003357F7 /* FirestoreSerializable.swift */ = {isa = PBXFileReference; lastKnownFileType = sourcecode.swift; path = FirestoreSerializable.swift; sourceTree = "<group>"; };
		A08780191F8B045800F6AB15 /* Budget.swift */ = {isa = PBXFileReference; lastKnownFileType = sourcecode.swift; path = Budget.swift; sourceTree = "<group>"; };
		C772DE7D2F5C4DC837699DC2 /* Pods_Sanity.framework */ = {isa = PBXFileReference; explicitFileType = wrapper.framework; includeInIndex = 0; path = Pods_Sanity.framework; sourceTree = BUILT_PRODUCTS_DIR; };
		D043DE211F8753D900E9A870 /* AuthViewController.swift */ = {isa = PBXFileReference; lastKnownFileType = sourcecode.swift; path = AuthViewController.swift; sourceTree = "<group>"; };
		D043DE231F8764ED00E9A870 /* GoogleService-Info.plist */ = {isa = PBXFileReference; fileEncoding = 4; lastKnownFileType = text.plist.xml; path = "GoogleService-Info.plist"; sourceTree = "<group>"; };
		D0EA5BAB1F8B1B2A00D5F99E /* AddBudgetViewController.swift */ = {isa = PBXFileReference; lastKnownFileType = sourcecode.swift; path = AddBudgetViewController.swift; sourceTree = "<group>"; };
		D0EA5BAF1F8B24A200D5F99E /* AddTransactionViewController.swift */ = {isa = PBXFileReference; lastKnownFileType = sourcecode.swift; path = AddTransactionViewController.swift; sourceTree = "<group>"; };
		D0EA5BB31F8C372500D5F99E /* CategoryCell.swift */ = {isa = PBXFileReference; lastKnownFileType = sourcecode.swift; path = CategoryCell.swift; sourceTree = "<group>"; };
		E2D219E7D1211EA36781CDE4 /* Pods-Sanity.debug.xcconfig */ = {isa = PBXFileReference; includeInIndex = 1; lastKnownFileType = text.xcconfig; name = "Pods-Sanity.debug.xcconfig"; path = "Pods/Target Support Files/Pods-Sanity/Pods-Sanity.debug.xcconfig"; sourceTree = "<group>"; };
/* End PBXFileReference section */

/* Begin PBXFrameworksBuildPhase section */
		A037A9C91F81BE2E00D2FA55 /* Frameworks */ = {
			isa = PBXFrameworksBuildPhase;
			buildActionMask = 2147483647;
			files = (
				1C958C5BDD903A8BFF9E2E5D /* Pods_Sanity.framework in Frameworks */,
			);
			runOnlyForDeploymentPostprocessing = 0;
		};
/* End PBXFrameworksBuildPhase section */

/* Begin PBXGroup section */
		05F1D0F25378F50DE09A2011 /* Frameworks */ = {
			isa = PBXGroup;
			children = (
				C772DE7D2F5C4DC837699DC2 /* Pods_Sanity.framework */,
			);
			name = Frameworks;
			sourceTree = "<group>";
		};
		7490DCF51F95F93A00E3FDA4 /* New Group */ = {
			isa = PBXGroup;
			children = (
				0140ABF21F97CB0800A93EC5 /* DidactGothic-Regular.ttf */,
			);
			name = "New Group";
			sourceTree = "<group>";
		};
		A037A9C31F81BE2E00D2FA55 = {
			isa = PBXGroup;
			children = (
				7490DCF51F95F93A00E3FDA4 /* New Group */,
				A037A9CE1F81BE2E00D2FA55 /* Sanity */,
				A037A9CD1F81BE2E00D2FA55 /* Products */,
				B11DF68F412F9C9F6BACF30A /* Pods */,
				05F1D0F25378F50DE09A2011 /* Frameworks */,
			);
			sourceTree = "<group>";
		};
		A037A9CD1F81BE2E00D2FA55 /* Products */ = {
			isa = PBXGroup;
			children = (
				A037A9CC1F81BE2E00D2FA55 /* Sanity.app */,
			);
			name = Products;
			sourceTree = "<group>";
		};
		A037A9CE1F81BE2E00D2FA55 /* Sanity */ = {
			isa = PBXGroup;
			children = (
				D0EA5BAB1F8B1B2A00D5F99E /* AddBudgetViewController.swift */,
				A0033F2A1F94204900BB728F /* AddTransactionCell.swift */,
				D0EA5BAF1F8B24A200D5F99E /* AddTransactionViewController.swift */,
				A037A9CF1F81BE2E00D2FA55 /* AppDelegate.swift */,
				A037A9D61F81BE2E00D2FA55 /* Assets.xcassets */,
				D043DE211F8753D900E9A870 /* AuthViewController.swift */,
				A08780191F8B045800F6AB15 /* Budget.swift */,
				A0033F281F93D67100BB728F /* BudgetDetailViewController.swift */,
				7423EE841F9453D40095722E /* budgetInfo.storyboard */,
				740B9E0E1F92E7F100388C9A /* BudgetInfo.storyboard */,
				A0688C701F89A01500E4EA14 /* BudgetOverviewCell.swift */,
				A056C4E51F91854F0071E242 /* Category.swift */,
				747AB9F11F955A2E004E3C7D /* CategoryBudgetCell.swift */,
				D0EA5BB31F8C372500D5F99E /* CategoryCell.swift */,
				A0765C5F1F8A02B2002C603E /* DashboardViewController.swift */,
				A0851DDC1F8C657B003357F7 /* FirestoreSerializable.swift */,
				D043DE231F8764ED00E9A870 /* GoogleService-Info.plist */,
				A037A9DB1F81BE2E00D2FA55 /* Info.plist */,
				A037A9D81F81BE2E00D2FA55 /* LaunchScreen.storyboard */,
				A037A9D31F81BE2E00D2FA55 /* Main.storyboard */,
				747E37B81F97E8F900B5ABF8 /* EditBudgetViewController.swift */,
				0126E55C1F95204700F64EBB /* ResetEnums.swift */,
				01AA355B1F91C1F600F23B37 /* SettingsViewController.swift */,
				A056C4E31F9185410071E242 /* Transaction.swift */,
			);
			path = Sanity;
			sourceTree = "<group>";
		};
		B11DF68F412F9C9F6BACF30A /* Pods */ = {
			isa = PBXGroup;
			children = (
				E2D219E7D1211EA36781CDE4 /* Pods-Sanity.debug.xcconfig */,
				083E82D98C88E70BD3D26AAE /* Pods-Sanity.release.xcconfig */,
			);
			name = Pods;
			sourceTree = "<group>";
		};
/* End PBXGroup section */

/* Begin PBXNativeTarget section */
		A037A9CB1F81BE2E00D2FA55 /* Sanity */ = {
			isa = PBXNativeTarget;
			buildConfigurationList = A037A9DE1F81BE2E00D2FA55 /* Build configuration list for PBXNativeTarget "Sanity" */;
			buildPhases = (
				82E4110F00023A26401CB621 /* [CP] Check Pods Manifest.lock */,
				A037A9C81F81BE2E00D2FA55 /* Sources */,
				A037A9C91F81BE2E00D2FA55 /* Frameworks */,
				A037A9CA1F81BE2E00D2FA55 /* Resources */,
				7A40BD6D5A89A61BCFF867BB /* [CP] Embed Pods Frameworks */,
				FE86FE3297232811AB1AABF5 /* [CP] Copy Pods Resources */,
			);
			buildRules = (
			);
			dependencies = (
			);
			name = Sanity;
			productName = Sanity;
			productReference = A037A9CC1F81BE2E00D2FA55 /* Sanity.app */;
			productType = "com.apple.product-type.application";
		};
/* End PBXNativeTarget section */

/* Begin PBXProject section */
		A037A9C41F81BE2E00D2FA55 /* Project object */ = {
			isa = PBXProject;
			attributes = {
				LastSwiftUpdateCheck = 0900;
				LastUpgradeCheck = 0900;
				ORGANIZATIONNAME = CSC310Team22;
				TargetAttributes = {
					A037A9CB1F81BE2E00D2FA55 = {
						CreatedOnToolsVersion = 9.0;
						ProvisioningStyle = Automatic;
					};
				};
			};
			buildConfigurationList = A037A9C71F81BE2E00D2FA55 /* Build configuration list for PBXProject "Sanity" */;
			compatibilityVersion = "Xcode 8.0";
			developmentRegion = en;
			hasScannedForEncodings = 0;
			knownRegions = (
				en,
				Base,
			);
			mainGroup = A037A9C31F81BE2E00D2FA55;
			productRefGroup = A037A9CD1F81BE2E00D2FA55 /* Products */;
			projectDirPath = "";
			projectRoot = "";
			targets = (
				A037A9CB1F81BE2E00D2FA55 /* Sanity */,
			);
		};
/* End PBXProject section */

/* Begin PBXResourcesBuildPhase section */
		A037A9CA1F81BE2E00D2FA55 /* Resources */ = {
			isa = PBXResourcesBuildPhase;
			buildActionMask = 2147483647;
			files = (
				A037A9DA1F81BE2E00D2FA55 /* LaunchScreen.storyboard in Resources */,
				0140ABF31F97CB0800A93EC5 /* DidactGothic-Regular.ttf in Resources */,
				D043DE241F8764ED00E9A870 /* GoogleService-Info.plist in Resources */,
				740B9E0F1F92E7F100388C9A /* BudgetInfo.storyboard in Resources */,
				A037A9D71F81BE2E00D2FA55 /* Assets.xcassets in Resources */,
				A037A9D51F81BE2E00D2FA55 /* Main.storyboard in Resources */,
				7423EE851F9453DB0095722E /* budgetInfo.storyboard in Resources */,
			);
			runOnlyForDeploymentPostprocessing = 0;
		};
/* End PBXResourcesBuildPhase section */

/* Begin PBXShellScriptBuildPhase section */
		7A40BD6D5A89A61BCFF867BB /* [CP] Embed Pods Frameworks */ = {
			isa = PBXShellScriptBuildPhase;
			buildActionMask = 2147483647;
			files = (
			);
			inputPaths = (
				"${SRCROOT}/Pods/Target Support Files/Pods-Sanity/Pods-Sanity-frameworks.sh",
				"${BUILT_PRODUCTS_DIR}/BoringSSL/openssl.framework",
				"${BUILT_PRODUCTS_DIR}/GTMSessionFetcher/GTMSessionFetcher.framework",
				"${BUILT_PRODUCTS_DIR}/GoogleToolboxForMac/GoogleToolboxForMac.framework",
				"${BUILT_PRODUCTS_DIR}/Protobuf/Protobuf.framework",
				"${BUILT_PRODUCTS_DIR}/gRPC/GRPCClient.framework",
				"${BUILT_PRODUCTS_DIR}/gRPC-Core/grpc.framework",
				"${BUILT_PRODUCTS_DIR}/gRPC-ProtoRPC/ProtoRPC.framework",
				"${BUILT_PRODUCTS_DIR}/gRPC-RxLibrary/RxLibrary.framework",
				"${BUILT_PRODUCTS_DIR}/leveldb-library/leveldb.framework",
				"${BUILT_PRODUCTS_DIR}/nanopb/nanopb.framework",
			);
			name = "[CP] Embed Pods Frameworks";
			outputPaths = (
				"${TARGET_BUILD_DIR}/${FRAMEWORKS_FOLDER_PATH}/openssl.framework",
				"${TARGET_BUILD_DIR}/${FRAMEWORKS_FOLDER_PATH}/GTMSessionFetcher.framework",
				"${TARGET_BUILD_DIR}/${FRAMEWORKS_FOLDER_PATH}/GoogleToolboxForMac.framework",
				"${TARGET_BUILD_DIR}/${FRAMEWORKS_FOLDER_PATH}/Protobuf.framework",
				"${TARGET_BUILD_DIR}/${FRAMEWORKS_FOLDER_PATH}/GRPCClient.framework",
				"${TARGET_BUILD_DIR}/${FRAMEWORKS_FOLDER_PATH}/grpc.framework",
				"${TARGET_BUILD_DIR}/${FRAMEWORKS_FOLDER_PATH}/ProtoRPC.framework",
				"${TARGET_BUILD_DIR}/${FRAMEWORKS_FOLDER_PATH}/RxLibrary.framework",
				"${TARGET_BUILD_DIR}/${FRAMEWORKS_FOLDER_PATH}/leveldb.framework",
				"${TARGET_BUILD_DIR}/${FRAMEWORKS_FOLDER_PATH}/nanopb.framework",
			);
			runOnlyForDeploymentPostprocessing = 0;
			shellPath = /bin/sh;
			shellScript = "\"${SRCROOT}/Pods/Target Support Files/Pods-Sanity/Pods-Sanity-frameworks.sh\"\n";
			showEnvVarsInLog = 0;
		};
		82E4110F00023A26401CB621 /* [CP] Check Pods Manifest.lock */ = {
			isa = PBXShellScriptBuildPhase;
			buildActionMask = 2147483647;
			files = (
			);
			inputPaths = (
				"${PODS_PODFILE_DIR_PATH}/Podfile.lock",
				"${PODS_ROOT}/Manifest.lock",
			);
			name = "[CP] Check Pods Manifest.lock";
			outputPaths = (
				"$(DERIVED_FILE_DIR)/Pods-Sanity-checkManifestLockResult.txt",
			);
			runOnlyForDeploymentPostprocessing = 0;
			shellPath = /bin/sh;
			shellScript = "diff \"${PODS_PODFILE_DIR_PATH}/Podfile.lock\" \"${PODS_ROOT}/Manifest.lock\" > /dev/null\nif [ $? != 0 ] ; then\n    # print error to STDERR\n    echo \"error: The sandbox is not in sync with the Podfile.lock. Run 'pod install' or update your CocoaPods installation.\" >&2\n    exit 1\nfi\n# This output is used by Xcode 'outputs' to avoid re-running this script phase.\necho \"SUCCESS\" > \"${SCRIPT_OUTPUT_FILE_0}\"\n";
			showEnvVarsInLog = 0;
		};
		FE86FE3297232811AB1AABF5 /* [CP] Copy Pods Resources */ = {
			isa = PBXShellScriptBuildPhase;
			buildActionMask = 2147483647;
			files = (
			);
			inputPaths = (
			);
			name = "[CP] Copy Pods Resources";
			outputPaths = (
			);
			runOnlyForDeploymentPostprocessing = 0;
			shellPath = /bin/sh;
			shellScript = "\"${SRCROOT}/Pods/Target Support Files/Pods-Sanity/Pods-Sanity-resources.sh\"\n";
			showEnvVarsInLog = 0;
		};
/* End PBXShellScriptBuildPhase section */

/* Begin PBXSourcesBuildPhase section */
		A037A9C81F81BE2E00D2FA55 /* Sources */ = {
			isa = PBXSourcesBuildPhase;
			buildActionMask = 2147483647;
			files = (
				A0765C601F8A02B2002C603E /* DashboardViewController.swift in Sources */,
				A0033F291F93D67100BB728F /* BudgetDetailViewController.swift in Sources */,
				A087801A1F8B045800F6AB15 /* Budget.swift in Sources */,
				A0688C711F89A01500E4EA14 /* BudgetOverviewCell.swift in Sources */,
				D043DE221F8753D900E9A870 /* AuthViewController.swift in Sources */,
				A056C4E41F9185410071E242 /* Transaction.swift in Sources */,
				A0033F2B1F94204900BB728F /* AddTransactionCell.swift in Sources */,
				D0EA5BB01F8B24A200D5F99E /* AddTransactionViewController.swift in Sources */,
				A037A9D01F81BE2E00D2FA55 /* AppDelegate.swift in Sources */,
				D0EA5BAC1F8B1B2A00D5F99E /* AddBudgetViewController.swift in Sources */,
				D0EA5BB41F8C372500D5F99E /* CategoryCell.swift in Sources */,
				A0851DDD1F8C657B003357F7 /* FirestoreSerializable.swift in Sources */,
				747AB9F21F955A2E004E3C7D /* CategoryBudgetCell.swift in Sources */,
				0126E55D1F95204700F64EBB /* ResetEnums.swift in Sources */,
				A056C4E61F91854F0071E242 /* Category.swift in Sources */,
				747E37B91F97E8F900B5ABF8 /* EditBudgetViewController.swift in Sources */,
				01AA355C1F91C1F600F23B37 /* SettingsViewController.swift in Sources */,
			);
			runOnlyForDeploymentPostprocessing = 0;
		};
/* End PBXSourcesBuildPhase section */

/* Begin PBXVariantGroup section */
		A037A9D31F81BE2E00D2FA55 /* Main.storyboard */ = {
			isa = PBXVariantGroup;
			children = (
				A037A9D41F81BE2E00D2FA55 /* Base */,
			);
			name = Main.storyboard;
			sourceTree = "<group>";
		};
		A037A9D81F81BE2E00D2FA55 /* LaunchScreen.storyboard */ = {
			isa = PBXVariantGroup;
			children = (
				A037A9D91F81BE2E00D2FA55 /* Base */,
			);
			name = LaunchScreen.storyboard;
			sourceTree = "<group>";
		};
/* End PBXVariantGroup section */

/* Begin XCBuildConfiguration section */
		A037A9DC1F81BE2E00D2FA55 /* Debug */ = {
			isa = XCBuildConfiguration;
			buildSettings = {
				ALWAYS_SEARCH_USER_PATHS = NO;
				CLANG_ANALYZER_NONNULL = YES;
				CLANG_ANALYZER_NUMBER_OBJECT_CONVERSION = YES_AGGRESSIVE;
				CLANG_CXX_LANGUAGE_STANDARD = "gnu++14";
				CLANG_CXX_LIBRARY = "libc++";
				CLANG_ENABLE_MODULES = YES;
				CLANG_ENABLE_OBJC_ARC = YES;
				CLANG_WARN_BLOCK_CAPTURE_AUTORELEASING = YES;
				CLANG_WARN_BOOL_CONVERSION = YES;
				CLANG_WARN_COMMA = YES;
				CLANG_WARN_CONSTANT_CONVERSION = YES;
				CLANG_WARN_DIRECT_OBJC_ISA_USAGE = YES_ERROR;
				CLANG_WARN_DOCUMENTATION_COMMENTS = YES;
				CLANG_WARN_EMPTY_BODY = YES;
				CLANG_WARN_ENUM_CONVERSION = YES;
				CLANG_WARN_INFINITE_RECURSION = YES;
				CLANG_WARN_INT_CONVERSION = YES;
				CLANG_WARN_NON_LITERAL_NULL_CONVERSION = YES;
				CLANG_WARN_OBJC_LITERAL_CONVERSION = YES;
				CLANG_WARN_OBJC_ROOT_CLASS = YES_ERROR;
				CLANG_WARN_RANGE_LOOP_ANALYSIS = YES;
				CLANG_WARN_STRICT_PROTOTYPES = YES;
				CLANG_WARN_SUSPICIOUS_MOVE = YES;
				CLANG_WARN_UNGUARDED_AVAILABILITY = YES_AGGRESSIVE;
				CLANG_WARN_UNREACHABLE_CODE = YES;
				CLANG_WARN__DUPLICATE_METHOD_MATCH = YES;
				CODE_SIGN_IDENTITY = "iPhone Developer";
				COPY_PHASE_STRIP = NO;
				DEBUG_INFORMATION_FORMAT = dwarf;
				ENABLE_STRICT_OBJC_MSGSEND = YES;
				ENABLE_TESTABILITY = YES;
				GCC_C_LANGUAGE_STANDARD = gnu11;
				GCC_DYNAMIC_NO_PIC = NO;
				GCC_NO_COMMON_BLOCKS = YES;
				GCC_OPTIMIZATION_LEVEL = 0;
				GCC_PREPROCESSOR_DEFINITIONS = (
					"DEBUG=1",
					"$(inherited)",
				);
				GCC_WARN_64_TO_32_BIT_CONVERSION = YES;
				GCC_WARN_ABOUT_RETURN_TYPE = YES_ERROR;
				GCC_WARN_UNDECLARED_SELECTOR = YES;
				GCC_WARN_UNINITIALIZED_AUTOS = YES_AGGRESSIVE;
				GCC_WARN_UNUSED_FUNCTION = YES;
				GCC_WARN_UNUSED_VARIABLE = YES;
				IPHONEOS_DEPLOYMENT_TARGET = 11.0;
				MTL_ENABLE_DEBUG_INFO = YES;
				ONLY_ACTIVE_ARCH = YES;
				SDKROOT = iphoneos;
				SWIFT_ACTIVE_COMPILATION_CONDITIONS = DEBUG;
				SWIFT_OPTIMIZATION_LEVEL = "-Onone";
			};
			name = Debug;
		};
		A037A9DD1F81BE2E00D2FA55 /* Release */ = {
			isa = XCBuildConfiguration;
			buildSettings = {
				ALWAYS_SEARCH_USER_PATHS = NO;
				CLANG_ANALYZER_NONNULL = YES;
				CLANG_ANALYZER_NUMBER_OBJECT_CONVERSION = YES_AGGRESSIVE;
				CLANG_CXX_LANGUAGE_STANDARD = "gnu++14";
				CLANG_CXX_LIBRARY = "libc++";
				CLANG_ENABLE_MODULES = YES;
				CLANG_ENABLE_OBJC_ARC = YES;
				CLANG_WARN_BLOCK_CAPTURE_AUTORELEASING = YES;
				CLANG_WARN_BOOL_CONVERSION = YES;
				CLANG_WARN_COMMA = YES;
				CLANG_WARN_CONSTANT_CONVERSION = YES;
				CLANG_WARN_DIRECT_OBJC_ISA_USAGE = YES_ERROR;
				CLANG_WARN_DOCUMENTATION_COMMENTS = YES;
				CLANG_WARN_EMPTY_BODY = YES;
				CLANG_WARN_ENUM_CONVERSION = YES;
				CLANG_WARN_INFINITE_RECURSION = YES;
				CLANG_WARN_INT_CONVERSION = YES;
				CLANG_WARN_NON_LITERAL_NULL_CONVERSION = YES;
				CLANG_WARN_OBJC_LITERAL_CONVERSION = YES;
				CLANG_WARN_OBJC_ROOT_CLASS = YES_ERROR;
				CLANG_WARN_RANGE_LOOP_ANALYSIS = YES;
				CLANG_WARN_STRICT_PROTOTYPES = YES;
				CLANG_WARN_SUSPICIOUS_MOVE = YES;
				CLANG_WARN_UNGUARDED_AVAILABILITY = YES_AGGRESSIVE;
				CLANG_WARN_UNREACHABLE_CODE = YES;
				CLANG_WARN__DUPLICATE_METHOD_MATCH = YES;
				CODE_SIGN_IDENTITY = "iPhone Developer";
				COPY_PHASE_STRIP = NO;
				DEBUG_INFORMATION_FORMAT = "dwarf-with-dsym";
				ENABLE_NS_ASSERTIONS = NO;
				ENABLE_STRICT_OBJC_MSGSEND = YES;
				GCC_C_LANGUAGE_STANDARD = gnu11;
				GCC_NO_COMMON_BLOCKS = YES;
				GCC_WARN_64_TO_32_BIT_CONVERSION = YES;
				GCC_WARN_ABOUT_RETURN_TYPE = YES_ERROR;
				GCC_WARN_UNDECLARED_SELECTOR = YES;
				GCC_WARN_UNINITIALIZED_AUTOS = YES_AGGRESSIVE;
				GCC_WARN_UNUSED_FUNCTION = YES;
				GCC_WARN_UNUSED_VARIABLE = YES;
				IPHONEOS_DEPLOYMENT_TARGET = 11.0;
				MTL_ENABLE_DEBUG_INFO = NO;
				SDKROOT = iphoneos;
				SWIFT_OPTIMIZATION_LEVEL = "-Owholemodule";
				VALIDATE_PRODUCT = YES;
			};
			name = Release;
		};
		A037A9DF1F81BE2E00D2FA55 /* Debug */ = {
			isa = XCBuildConfiguration;
			baseConfigurationReference = E2D219E7D1211EA36781CDE4 /* Pods-Sanity.debug.xcconfig */;
			buildSettings = {
				ASSETCATALOG_COMPILER_APPICON_NAME = AppIcon;
				"CODE_SIGN_IDENTITY[sdk=iphoneos*]" = "iPhone Developer";
				CODE_SIGN_STYLE = Automatic;
				DEVELOPMENT_TEAM = A2PH6V2VJ2;
				ENABLE_BITCODE = YES;
				FRAMEWORK_SEARCH_PATHS = (
					"$(inherited)",
					"\"${PODS_ROOT}/FirebaseAnalytics/Frameworks\"",
					"\"${PODS_ROOT}/FirebaseAuth/Frameworks\"",
					"\"${PODS_ROOT}/FirebaseCore/Frameworks\"",
					"\"${PODS_ROOT}/FirebaseFirestore/Frameworks\"",
					"\"${PODS_ROOT}/FirebaseInstanceID/Frameworks\"",
				);
				INFOPLIST_FILE = Sanity/Info.plist;
				IPHONEOS_DEPLOYMENT_TARGET = 10.3;
				LD_RUNPATH_SEARCH_PATHS = "$(inherited) @executable_path/Frameworks";
				PRODUCT_BUNDLE_IDENTIFIER = com.cs310.team22.Sanity;
				PRODUCT_NAME = "$(TARGET_NAME)";
				PROVISIONING_PROFILE_SPECIFIER = "";
				SWIFT_VERSION = 4.0;
				TARGETED_DEVICE_FAMILY = "1,2";
			};
			name = Debug;
		};
		A037A9E01F81BE2E00D2FA55 /* Release */ = {
			isa = XCBuildConfiguration;
			baseConfigurationReference = 083E82D98C88E70BD3D26AAE /* Pods-Sanity.release.xcconfig */;
			buildSettings = {
				ASSETCATALOG_COMPILER_APPICON_NAME = AppIcon;
				"CODE_SIGN_IDENTITY[sdk=iphoneos*]" = "iPhone Developer";
				CODE_SIGN_STYLE = Automatic;
				DEVELOPMENT_TEAM = A2PH6V2VJ2;
				ENABLE_BITCODE = YES;
				FRAMEWORK_SEARCH_PATHS = (
					"$(inherited)",
					"\"${PODS_ROOT}/FirebaseAnalytics/Frameworks\"",
					"\"${PODS_ROOT}/FirebaseAuth/Frameworks\"",
					"\"${PODS_ROOT}/FirebaseCore/Frameworks\"",
					"\"${PODS_ROOT}/FirebaseFirestore/Frameworks\"",
					"\"${PODS_ROOT}/FirebaseInstanceID/Frameworks\"",
				);
				INFOPLIST_FILE = Sanity/Info.plist;
				IPHONEOS_DEPLOYMENT_TARGET = 10.3;
				LD_RUNPATH_SEARCH_PATHS = "$(inherited) @executable_path/Frameworks";
				PRODUCT_BUNDLE_IDENTIFIER = com.cs310.team22.Sanity;
				PRODUCT_NAME = "$(TARGET_NAME)";
				PROVISIONING_PROFILE_SPECIFIER = "";
				SWIFT_VERSION = 4.0;
				TARGETED_DEVICE_FAMILY = "1,2";
			};
			name = Release;
		};
/* End XCBuildConfiguration section */

/* Begin XCConfigurationList section */
		A037A9C71F81BE2E00D2FA55 /* Build configuration list for PBXProject "Sanity" */ = {
			isa = XCConfigurationList;
			buildConfigurations = (
				A037A9DC1F81BE2E00D2FA55 /* Debug */,
				A037A9DD1F81BE2E00D2FA55 /* Release */,
			);
			defaultConfigurationIsVisible = 0;
			defaultConfigurationName = Release;
		};
		A037A9DE1F81BE2E00D2FA55 /* Build configuration list for PBXNativeTarget "Sanity" */ = {
			isa = XCConfigurationList;
			buildConfigurations = (
				A037A9DF1F81BE2E00D2FA55 /* Debug */,
				A037A9E01F81BE2E00D2FA55 /* Release */,
			);
			defaultConfigurationIsVisible = 0;
			defaultConfigurationName = Release;
		};
/* End XCConfigurationList section */
	};
	rootObject = A037A9C41F81BE2E00D2FA55 /* Project object */;
}
